<?xml version="1.0" encoding="utf-8"?>
<Project ToolsVersion="4.0" xmlns="http://schemas.microsoft.com/developer/msbuild/2003">
  <ItemGroup>
    <Filter Include="Code">
      <UniqueIdentifier>{b6e9d240-53b1-40c0-a5b9-3e86b0705de0}</UniqueIdentifier>
    </Filter>
    <Filter Include="Code\Interface">
      <UniqueIdentifier>{2acde8e1-83d4-45b7-ab38-087a7e2aec09}</UniqueIdentifier>
    </Filter>
  </ItemGroup>
  <ItemGroup>
    <ClCompile Include="Main.cpp">
      <Filter>Code</Filter>
    </ClCompile>
    <ClCompile Include="KinectSensor.cpp">
      <Filter>Code</Filter>
    </ClCompile>
    <ClCompile Include="ModelBuilder.cpp">
      <Filter>Code</Filter>
    </ClCompile>
    <ClCompile Include="UtilitiesFunctions.cpp">
      <Filter>Code</Filter>
    </ClCompile>
    <ClCompile Include="BufferProcess.cpp">
      <Filter>Code</Filter>
    </ClCompile>
    <ClCompile Include="MainFrame.cpp">
      <Filter>Code\Interface</Filter>
    </ClCompile>
    <ClCompile Include="AboutDialog.cpp">
      <Filter>Code\Interface</Filter>
    </ClCompile>
  </ItemGroup>
  <ItemGroup>
    <ClInclude Include="KinectSensor.h">
      <Filter>Code</Filter>
    </ClInclude>
    <ClInclude Include="ModelBuilder.h">
      <Filter>Code</Filter>
    </ClInclude>
    <ClInclude Include="UtilitiesFunctions.h">
      <Filter>Code</Filter>
    </ClInclude>
    <ClInclude Include="BufferProcess.h">
      <Filter>Code</Filter>
    </ClInclude>
    <ClInclude Include="MainFrame.h">
      <Filter>Code\Interface</Filter>
    </ClInclude>
    <ClInclude Include="AboutDialog.h">
      <Filter>Code\Interface</Filter>
    </ClInclude>
    <ClInclude Include="Main.h">
      <Filter>Code</Filter>
    </ClInclude>
  </ItemGroup>
</Project>