
Microsoft Visual Studio Solution File, Format Version 11.00
# Visual Studio 2010
Project("{8BC9CEB8-8B4A-11D0-8D11-00A0C91BC942}") = "OGL_Kinect", "OGL_Kinect.vcxproj", "{B6F44CBE-C227-46B2-B2FA-7E0FCEFE9DB4}"
	ProjectSection(ProjectDependencies) = postProject
		{13D97A01-E838-5DA1-A607-E302C4780D28} = {13D97A01-E838-5DA1-A607-E302C4780D28}
		{A4067C03-D498-D1AB-5E3A-FD1A84DEB751} = {A4067C03-D498-D1AB-5E3A-FD1A84DEB751}
		{3224B606-5C48-7B8B-E47F-1838181DD81D} = {3224B606-5C48-7B8B-E47F-1838181DD81D}
		{9722F417-BB04-2E29-47C9-7DE3B3BBA863} = {9722F417-BB04-2E29-47C9-7DE3B3BBA863}
		{2861D918-5466-5F61-B4E6-CFEA670682C6} = {2861D918-5466-5F61-B4E6-CFEA670682C6}
		{EA67F11B-9A1C-F033-CA8F-D180AC9AC7E2} = {EA67F11B-9A1C-F033-CA8F-D180AC9AC7E2}
		{A1C3461F-DC90-D256-76B6-3748D59C70B0} = {A1C3461F-DC90-D256-76B6-3748D59C70B0}
		{D9986C27-ECB5-F988-3109-3547D82DC67F} = {D9986C27-ECB5-F988-3109-3547D82DC67F}
		{88E81F3A-97BD-C066-EA2B-6CA4B7F4847D} = {88E81F3A-97BD-C066-EA2B-6CA4B7F4847D}
		{7AD5DD4E-86ED-FD24-7AB8-B31EAB76D390} = {7AD5DD4E-86ED-FD24-7AB8-B31EAB76D390}
		{1CBE3055-CBAB-2889-BC80-6E35E4EF59AE} = {1CBE3055-CBAB-2889-BC80-6E35E4EF59AE}
		{B12E7265-1F9D-BF1E-F42E-0C3E2AB9E619} = {B12E7265-1F9D-BF1E-F42E-0C3E2AB9E619}
		{0FCB2478-861E-7080-E480-9326BC8DB4FC} = {0FCB2478-861E-7080-E480-9326BC8DB4FC}
		{1A95EC9E-EEC5-52F5-101C-6F9E21767378} = {1A95EC9E-EEC5-52F5-101C-6F9E21767378}
		{25C54F9F-4BF9-E5E7-6989-AA2E31AB8E4C} = {25C54F9F-4BF9-E5E7-6989-AA2E31AB8E4C}
		{1BF5EEA6-5B90-9351-65AA-C5D139831DA9} = {1BF5EEA6-5B90-9351-65AA-C5D139831DA9}
		{1C0622AA-7936-CCAC-6E1A-7B67D646FCB2} = {1C0622AA-7936-CCAC-6E1A-7B67D646FCB2}
		{12C25CAA-6E9A-C7CB-D0F6-3EE8E0495E07} = {12C25CAA-6E9A-C7CB-D0F6-3EE8E0495E07}
		{706024C7-229C-8791-8524-FB9123456BC7} = {706024C7-229C-8791-8524-FB9123456BC7}
		{9653A6DB-8DD4-6242-2544-BCD5626A00A3} = {9653A6DB-8DD4-6242-2544-BCD5626A00A3}
	EndProjectSection
EndProject
Project("{2150E333-8FDC-42A3-9474-1A3956D46DE8}") = "WxWidgets", "WxWidgets", "{8B5318F9-1259-4000-955F-2A8CAB4FC3BC}"
EndProject
Project("{8BC9CEB8-8B4A-11D0-8D11-00A0C91BC942}") = "wxregex", "wxWidgets-2.8.12\build\msw\wx_wxregex.vcxproj", "{9653A6DB-8DD4-6242-2544-BCD5626A00A3}"
EndProject
Project("{8BC9CEB8-8B4A-11D0-8D11-00A0C91BC942}") = "wxzlib", "wxWidgets-2.8.12\build\msw\wx_wxzlib.vcxproj", "{3224B606-5C48-7B8B-E47F-1838181DD81D}"
EndProject
Project("{8BC9CEB8-8B4A-11D0-8D11-00A0C91BC942}") = "wxpng", "wxWidgets-2.8.12\build\msw\wx_wxpng.vcxproj", "{1C0622AA-7936-CCAC-6E1A-7B67D646FCB2}"
EndProject
Project("{8BC9CEB8-8B4A-11D0-8D11-00A0C91BC942}") = "wxjpeg", "wxWidgets-2.8.12\build\msw\wx_wxjpeg.vcxproj", "{88E81F3A-97BD-C066-EA2B-6CA4B7F4847D}"
EndProject
Project("{8BC9CEB8-8B4A-11D0-8D11-00A0C91BC942}") = "wxtiff", "wxWidgets-2.8.12\build\msw\wx_wxtiff.vcxproj", "{25C54F9F-4BF9-E5E7-6989-AA2E31AB8E4C}"
EndProject
Project("{8BC9CEB8-8B4A-11D0-8D11-00A0C91BC942}") = "wxexpat", "wxWidgets-2.8.12\build\msw\wx_wxexpat.vcxproj", "{0FCB2478-861E-7080-E480-9326BC8DB4FC}"
EndProject
Project("{8BC9CEB8-8B4A-11D0-8D11-00A0C91BC942}") = "base", "wxWidgets-2.8.12\build\msw\wx_base.vcxproj", "{D9986C27-ECB5-F988-3109-3547D82DC67F}"
EndProject
Project("{8BC9CEB8-8B4A-11D0-8D11-00A0C91BC942}") = "net", "wxWidgets-2.8.12\build\msw\wx_net.vcxproj", "{2861D918-5466-5F61-B4E6-CFEA670682C6}"
EndProject
Project("{8BC9CEB8-8B4A-11D0-8D11-00A0C91BC942}") = "core", "wxWidgets-2.8.12\build\msw\wx_core.vcxproj", "{B12E7265-1F9D-BF1E-F42E-0C3E2AB9E619}"
EndProject
Project("{8BC9CEB8-8B4A-11D0-8D11-00A0C91BC942}") = "adv", "wxWidgets-2.8.12\build\msw\wx_adv.vcxproj", "{7AD5DD4E-86ED-FD24-7AB8-B31EAB76D390}"
EndProject
Project("{8BC9CEB8-8B4A-11D0-8D11-00A0C91BC942}") = "media", "wxWidgets-2.8.12\build\msw\wx_media.vcxproj", "{12C25CAA-6E9A-C7CB-D0F6-3EE8E0495E07}"
EndProject
Project("{8BC9CEB8-8B4A-11D0-8D11-00A0C91BC942}") = "odbc", "wxWidgets-2.8.12\build\msw\wx_odbc.vcxproj", "{706024C7-229C-8791-8524-FB9123456BC7}"
EndProject
Project("{8BC9CEB8-8B4A-11D0-8D11-00A0C91BC942}") = "dbgrid", "wxWidgets-2.8.12\build\msw\wx_dbgrid.vcxproj", "{9722F417-BB04-2E29-47C9-7DE3B3BBA863}"
EndProject
Project("{8BC9CEB8-8B4A-11D0-8D11-00A0C91BC942}") = "html", "wxWidgets-2.8.12\build\msw\wx_html.vcxproj", "{EA67F11B-9A1C-F033-CA8F-D180AC9AC7E2}"
EndProject
Project("{8BC9CEB8-8B4A-11D0-8D11-00A0C91BC942}") = "qa", "wxWidgets-2.8.12\build\msw\wx_qa.vcxproj", "{A4067C03-D498-D1AB-5E3A-FD1A84DEB751}"
EndProject
Project("{8BC9CEB8-8B4A-11D0-8D11-00A0C91BC942}") = "xml", "wxWidgets-2.8.12\build\msw\wx_xml.vcxproj", "{1CBE3055-CBAB-2889-BC80-6E35E4EF59AE}"
EndProject
Project("{8BC9CEB8-8B4A-11D0-8D11-00A0C91BC942}") = "xrc", "wxWidgets-2.8.12\build\msw\wx_xrc.vcxproj", "{1A95EC9E-EEC5-52F5-101C-6F9E21767378}"
EndProject
Project("{8BC9CEB8-8B4A-11D0-8D11-00A0C91BC942}") = "aui", "wxWidgets-2.8.12\build\msw\wx_aui.vcxproj", "{13D97A01-E838-5DA1-A607-E302C4780D28}"
EndProject
Project("{8BC9CEB8-8B4A-11D0-8D11-00A0C91BC942}") = "richtext", "wxWidgets-2.8.12\build\msw\wx_richtext.vcxproj", "{1BF5EEA6-5B90-9351-65AA-C5D139831DA9}"
EndProject
Project("{8BC9CEB8-8B4A-11D0-8D11-00A0C91BC942}") = "gl", "wxWidgets-2.8.12\build\msw\wx_gl.vcxproj", "{A1C3461F-DC90-D256-76B6-3748D59C70B0}"
EndProject
Global
	GlobalSection(SolutionConfigurationPlatforms) = preSolution
		Debug|Win32 = Debug|Win32
		Release|Win32 = Release|Win32
	EndGlobalSection
	GlobalSection(ProjectConfigurationPlatforms) = postSolution
		{B6F44CBE-C227-46B2-B2FA-7E0FCEFE9DB4}.Debug|Win32.ActiveCfg = Debug|Win32
		{B6F44CBE-C227-46B2-B2FA-7E0FCEFE9DB4}.Debug|Win32.Build.0 = Debug|Win32
		{B6F44CBE-C227-46B2-B2FA-7E0FCEFE9DB4}.Release|Win32.ActiveCfg = Release|Win32
		{B6F44CBE-C227-46B2-B2FA-7E0FCEFE9DB4}.Release|Win32.Build.0 = Release|Win32
		{9653A6DB-8DD4-6242-2544-BCD5626A00A3}.Debug|Win32.ActiveCfg = Unicode Debug|Win32
		{9653A6DB-8DD4-6242-2544-BCD5626A00A3}.Debug|Win32.Build.0 = Unicode Debug|Win32
		{9653A6DB-8DD4-6242-2544-BCD5626A00A3}.Release|Win32.ActiveCfg = Unicode Release|Win32
		{9653A6DB-8DD4-6242-2544-BCD5626A00A3}.Release|Win32.Build.0 = Unicode Release|Win32
		{3224B606-5C48-7B8B-E47F-1838181DD81D}.Debug|Win32.ActiveCfg = Unicode Debug|Win32
		{3224B606-5C48-7B8B-E47F-1838181DD81D}.Debug|Win32.Build.0 = Unicode Debug|Win32
		{3224B606-5C48-7B8B-E47F-1838181DD81D}.Release|Win32.ActiveCfg = Unicode Release|Win32
		{3224B606-5C48-7B8B-E47F-1838181DD81D}.Release|Win32.Build.0 = Unicode Release|Win32
		{1C0622AA-7936-CCAC-6E1A-7B67D646FCB2}.Debug|Win32.ActiveCfg = Unicode Debug|Win32
		{1C0622AA-7936-CCAC-6E1A-7B67D646FCB2}.Debug|Win32.Build.0 = Unicode Debug|Win32
		{1C0622AA-7936-CCAC-6E1A-7B67D646FCB2}.Release|Win32.ActiveCfg = Unicode Release|Win32
		{1C0622AA-7936-CCAC-6E1A-7B67D646FCB2}.Release|Win32.Build.0 = Unicode Release|Win32
		{88E81F3A-97BD-C066-EA2B-6CA4B7F4847D}.Debug|Win32.ActiveCfg = Unicode Debug|Win32
		{88E81F3A-97BD-C066-EA2B-6CA4B7F4847D}.Debug|Win32.Build.0 = Unicode Debug|Win32
		{88E81F3A-97BD-C066-EA2B-6CA4B7F4847D}.Release|Win32.ActiveCfg = Unicode Release|Win32
		{88E81F3A-97BD-C066-EA2B-6CA4B7F4847D}.Release|Win32.Build.0 = Unicode Release|Win32
		{25C54F9F-4BF9-E5E7-6989-AA2E31AB8E4C}.Debug|Win32.ActiveCfg = Unicode Debug|Win32
		{25C54F9F-4BF9-E5E7-6989-AA2E31AB8E4C}.Debug|Win32.Build.0 = Unicode Debug|Win32
		{25C54F9F-4BF9-E5E7-6989-AA2E31AB8E4C}.Release|Win32.ActiveCfg = Unicode Release|Win32
		{25C54F9F-4BF9-E5E7-6989-AA2E31AB8E4C}.Release|Win32.Build.0 = Unicode Release|Win32
		{0FCB2478-861E-7080-E480-9326BC8DB4FC}.Debug|Win32.ActiveCfg = Unicode Debug|Win32
		{0FCB2478-861E-7080-E480-9326BC8DB4FC}.Debug|Win32.Build.0 = Unicode Debug|Win32
		{0FCB2478-861E-7080-E480-9326BC8DB4FC}.Release|Win32.ActiveCfg = Unicode Release|Win32
		{0FCB2478-861E-7080-E480-9326BC8DB4FC}.Release|Win32.Build.0 = Unicode Release|Win32
		{D9986C27-ECB5-F988-3109-3547D82DC67F}.Debug|Win32.ActiveCfg = Unicode Debug|Win32
		{D9986C27-ECB5-F988-3109-3547D82DC67F}.Debug|Win32.Build.0 = Unicode Debug|Win32
		{D9986C27-ECB5-F988-3109-3547D82DC67F}.Release|Win32.ActiveCfg = Unicode Release|Win32
		{D9986C27-ECB5-F988-3109-3547D82DC67F}.Release|Win32.Build.0 = Unicode Release|Win32
		{2861D918-5466-5F61-B4E6-CFEA670682C6}.Debug|Win32.ActiveCfg = Unicode Debug|Win32
		{2861D918-5466-5F61-B4E6-CFEA670682C6}.Debug|Win32.Build.0 = Unicode Debug|Win32
		{2861D918-5466-5F61-B4E6-CFEA670682C6}.Release|Win32.ActiveCfg = Unicode Release|Win32
		{2861D918-5466-5F61-B4E6-CFEA670682C6}.Release|Win32.Build.0 = Unicode Release|Win32
		{B12E7265-1F9D-BF1E-F42E-0C3E2AB9E619}.Debug|Win32.ActiveCfg = Unicode Debug|Win32
		{B12E7265-1F9D-BF1E-F42E-0C3E2AB9E619}.Debug|Win32.Build.0 = Unicode Debug|Win32
		{B12E7265-1F9D-BF1E-F42E-0C3E2AB9E619}.Release|Win32.ActiveCfg = Unicode Release|Win32
		{B12E7265-1F9D-BF1E-F42E-0C3E2AB9E619}.Release|Win32.Build.0 = Unicode Release|Win32
		{7AD5DD4E-86ED-FD24-7AB8-B31EAB76D390}.Debug|Win32.ActiveCfg = Unicode Debug|Win32
		{7AD5DD4E-86ED-FD24-7AB8-B31EAB76D390}.Debug|Win32.Build.0 = Unicode Debug|Win32
		{7AD5DD4E-86ED-FD24-7AB8-B31EAB76D390}.Release|Win32.ActiveCfg = Unicode Release|Win32
		{7AD5DD4E-86ED-FD24-7AB8-B31EAB76D390}.Release|Win32.Build.0 = Unicode Release|Win32
		{12C25CAA-6E9A-C7CB-D0F6-3EE8E0495E07}.Debug|Win32.ActiveCfg = Unicode Debug|Win32
		{12C25CAA-6E9A-C7CB-D0F6-3EE8E0495E07}.Debug|Win32.Build.0 = Unicode Debug|Win32
		{12C25CAA-6E9A-C7CB-D0F6-3EE8E0495E07}.Release|Win32.ActiveCfg = Unicode Release|Win32
		{12C25CAA-6E9A-C7CB-D0F6-3EE8E0495E07}.Release|Win32.Build.0 = Unicode Release|Win32
		{706024C7-229C-8791-8524-FB9123456BC7}.Debug|Win32.ActiveCfg = Unicode Debug|Win32
		{706024C7-229C-8791-8524-FB9123456BC7}.Debug|Win32.Build.0 = Unicode Debug|Win32
		{706024C7-229C-8791-8524-FB9123456BC7}.Release|Win32.ActiveCfg = Unicode Release|Win32
		{706024C7-229C-8791-8524-FB9123456BC7}.Release|Win32.Build.0 = Unicode Release|Win32
		{9722F417-BB04-2E29-47C9-7DE3B3BBA863}.Debug|Win32.ActiveCfg = Unicode Debug|Win32
		{9722F417-BB04-2E29-47C9-7DE3B3BBA863}.Debug|Win32.Build.0 = Unicode Debug|Win32
		{9722F417-BB04-2E29-47C9-7DE3B3BBA863}.Release|Win32.ActiveCfg = Unicode Release|Win32
		{9722F417-BB04-2E29-47C9-7DE3B3BBA863}.Release|Win32.Build.0 = Unicode Release|Win32
		{EA67F11B-9A1C-F033-CA8F-D180AC9AC7E2}.Debug|Win32.ActiveCfg = Unicode Debug|Win32
		{EA67F11B-9A1C-F033-CA8F-D180AC9AC7E2}.Debug|Win32.Build.0 = Unicode Debug|Win32
		{EA67F11B-9A1C-F033-CA8F-D180AC9AC7E2}.Release|Win32.ActiveCfg = Unicode Release|Win32
		{EA67F11B-9A1C-F033-CA8F-D180AC9AC7E2}.Release|Win32.Build.0 = Unicode Release|Win32
		{A4067C03-D498-D1AB-5E3A-FD1A84DEB751}.Debug|Win32.ActiveCfg = Unicode Debug|Win32
		{A4067C03-D498-D1AB-5E3A-FD1A84DEB751}.Debug|Win32.Build.0 = Unicode Debug|Win32
		{A4067C03-D498-D1AB-5E3A-FD1A84DEB751}.Release|Win32.ActiveCfg = Unicode Release|Win32
		{A4067C03-D498-D1AB-5E3A-FD1A84DEB751}.Release|Win32.Build.0 = Unicode Release|Win32
		{1CBE3055-CBAB-2889-BC80-6E35E4EF59AE}.Debug|Win32.ActiveCfg = Unicode Debug|Win32
		{1CBE3055-CBAB-2889-BC80-6E35E4EF59AE}.Debug|Win32.Build.0 = Unicode Debug|Win32
		{1CBE3055-CBAB-2889-BC80-6E35E4EF59AE}.Release|Win32.ActiveCfg = Unicode Release|Win32
		{1CBE3055-CBAB-2889-BC80-6E35E4EF59AE}.Release|Win32.Build.0 = Unicode Release|Win32
		{1A95EC9E-EEC5-52F5-101C-6F9E21767378}.Debug|Win32.ActiveCfg = Unicode Debug|Win32
		{1A95EC9E-EEC5-52F5-101C-6F9E21767378}.Debug|Win32.Build.0 = Unicode Debug|Win32
		{1A95EC9E-EEC5-52F5-101C-6F9E21767378}.Release|Win32.ActiveCfg = Unicode Release|Win32
		{1A95EC9E-EEC5-52F5-101C-6F9E21767378}.Release|Win32.Build.0 = Unicode Release|Win32
		{13D97A01-E838-5DA1-A607-E302C4780D28}.Debug|Win32.ActiveCfg = Unicode Debug|Win32
		{13D97A01-E838-5DA1-A607-E302C4780D28}.Debug|Win32.Build.0 = Unicode Debug|Win32
		{13D97A01-E838-5DA1-A607-E302C4780D28}.Release|Win32.ActiveCfg = Unicode Release|Win32
		{13D97A01-E838-5DA1-A607-E302C4780D28}.Release|Win32.Build.0 = Unicode Release|Win32
		{1BF5EEA6-5B90-9351-65AA-C5D139831DA9}.Debug|Win32.ActiveCfg = Unicode Debug|Win32
		{1BF5EEA6-5B90-9351-65AA-C5D139831DA9}.Debug|Win32.Build.0 = Unicode Debug|Win32
		{1BF5EEA6-5B90-9351-65AA-C5D139831DA9}.Release|Win32.ActiveCfg = Unicode Release|Win32
		{1BF5EEA6-5B90-9351-65AA-C5D139831DA9}.Release|Win32.Build.0 = Unicode Release|Win32
		{A1C3461F-DC90-D256-76B6-3748D59C70B0}.Debug|Win32.ActiveCfg = Unicode Debug|Win32
		{A1C3461F-DC90-D256-76B6-3748D59C70B0}.Debug|Win32.Build.0 = Unicode Debug|Win32
		{A1C3461F-DC90-D256-76B6-3748D59C70B0}.Release|Win32.ActiveCfg = Unicode Release|Win32
		{A1C3461F-DC90-D256-76B6-3748D59C70B0}.Release|Win32.Build.0 = Unicode Release|Win32
	EndGlobalSection
	GlobalSection(SolutionProperties) = preSolution
		HideSolutionNode = FALSE
	EndGlobalSection
	GlobalSection(NestedProjects) = preSolution
		{9653A6DB-8DD4-6242-2544-BCD5626A00A3} = {8B5318F9-1259-4000-955F-2A8CAB4FC3BC}
		{3224B606-5C48-7B8B-E47F-1838181DD81D} = {8B5318F9-1259-4000-955F-2A8CAB4FC3BC}
		{1C0622AA-7936-CCAC-6E1A-7B67D646FCB2} = {8B5318F9-1259-4000-955F-2A8CAB4FC3BC}
		{88E81F3A-97BD-C066-EA2B-6CA4B7F4847D} = {8B5318F9-1259-4000-955F-2A8CAB4FC3BC}
		{25C54F9F-4BF9-E5E7-6989-AA2E31AB8E4C} = {8B5318F9-1259-4000-955F-2A8CAB4FC3BC}
		{0FCB2478-861E-7080-E480-9326BC8DB4FC} = {8B5318F9-1259-4000-955F-2A8CAB4FC3BC}
		{D9986C27-ECB5-F988-3109-3547D82DC67F} = {8B5318F9-1259-4000-955F-2A8CAB4FC3BC}
		{2861D918-5466-5F61-B4E6-CFEA670682C6} = {8B5318F9-1259-4000-955F-2A8CAB4FC3BC}
		{B12E7265-1F9D-BF1E-F42E-0C3E2AB9E619} = {8B5318F9-1259-4000-955F-2A8CAB4FC3BC}
		{7AD5DD4E-86ED-FD24-7AB8-B31EAB76D390} = {8B5318F9-1259-4000-955F-2A8CAB4FC3BC}
		{12C25CAA-6E9A-C7CB-D0F6-3EE8E0495E07} = {8B5318F9-1259-4000-955F-2A8CAB4FC3BC}
		{706024C7-229C-8791-8524-FB9123456BC7} = {8B5318F9-1259-4000-955F-2A8CAB4FC3BC}
		{9722F417-BB04-2E29-47C9-7DE3B3BBA863} = {8B5318F9-1259-4000-955F-2A8CAB4FC3BC}
		{EA67F11B-9A1C-F033-CA8F-D180AC9AC7E2} = {8B5318F9-1259-4000-955F-2A8CAB4FC3BC}
		{A4067C03-D498-D1AB-5E3A-FD1A84DEB751} = {8B5318F9-1259-4000-955F-2A8CAB4FC3BC}
		{1CBE3055-CBAB-2889-BC80-6E35E4EF59AE} = {8B5318F9-1259-4000-955F-2A8CAB4FC3BC}
		{1A95EC9E-EEC5-52F5-101C-6F9E21767378} = {8B5318F9-1259-4000-955F-2A8CAB4FC3BC}
		{13D97A01-E838-5DA1-A607-E302C4780D28} = {8B5318F9-1259-4000-955F-2A8CAB4FC3BC}
		{1BF5EEA6-5B90-9351-65AA-C5D139831DA9} = {8B5318F9-1259-4000-955F-2A8CAB4FC3BC}
		{A1C3461F-DC90-D256-76B6-3748D59C70B0} = {8B5318F9-1259-4000-955F-2A8CAB4FC3BC}
	EndGlobalSection
EndGlobal
